github.com/largenumberhere/AOC_2024/aoc_lib v0.0.0-20241209091749-b68fc734dc1c h1:bxlu0o5UzISyap1Kjf3REk9mEM+kBRBEDgegVCKp7Hc=
github.com/largenumberhere/AOC_2024/aoc_lib v0.0.0-20241209091749-b68fc734dc1c/go.mod h1:6wC5VLVoGnC776L6h050Z7QSaUZ8pDaLtG4enthn8eg=
github.com/largenumberhere/AOC_2024/aoc_lib v0.0.0-20241209093405-46e2819efadd h1:ZSOmgXGTNyN87Xc7uHhlgG3MG4bKfSbLTnBQbgmqZFc=
github.com/largenumberhere/AOC_2024/aoc_lib v0.0.0-20241209093405-46e2819efadd/go.mod h1:6wC5VLVoGnC776L6h050Z7QSaUZ8pDaLtG4enthn8eg=
