github.com/largenumberhere/AOC_2024/aoc_lib v0.0.0-20241214151407-862185491183 h1:AbGla2WJSVSutYPVBftVlmqn4YprBZNN4oSzPo0CK8M=
github.com/largenumberhere/AOC_2024/aoc_lib v0.0.0-20241214151407-862185491183/go.mod h1:6wC5VLVoGnC776L6h050Z7QSaUZ8pDaLtG4enthn8eg=
github.com/largenumberhere/AOC_2024/aoc_lib v0.0.0-20241215082937-6ca2887482dd h1:scFlZJt8fJkbiDUoyht3dFRLojjLBwOUIZ74MkdB/TM=
github.com/largenumberhere/AOC_2024/aoc_lib v0.0.0-20241215082937-6ca2887482dd/go.mod h1:6wC5VLVoGnC776L6h050Z7QSaUZ8pDaLtG4enthn8eg=
